
Microsoft Visual Studio Solution File, Format Version 12.00
# Visual Studio Version 16
VisualStudioVersion = 16.0.31129.286
MinimumVisualStudioVersion = 10.0.40219.1
Project("{9A19103F-16F7-4668-BE54-9A1E7A4F7556}") = "Core", "Core\Core.csproj", "{9BBC73ED-A62D-4D1B-AD0A-9FF5D5F29E7F}"
EndProject
Project("{9A19103F-16F7-4668-BE54-9A1E7A4F7556}") = "DataAccess", "DataAccess\DataAccess.csproj", "{C4DE1751-4D57-4D3D-9243-4386C4DC1C1F}"
EndProject
Project("{9A19103F-16F7-4668-BE54-9A1E7A4F7556}") = "Entities", "Entities\Entities.csproj", "{5484A700-4EB7-4ABD-B3E7-2094781F26AA}"
EndProject
Project("{9A19103F-16F7-4668-BE54-9A1E7A4F7556}") = "Business", "Business\Business.csproj", "{193B854D-FDCB-4C2C-9F3F-438CC4C55176}"
EndProject
Project("{FAE04EC0-301F-11D3-BF4B-00C04F79EFBC}") = "WebAPI", "WebAPI\WebAPI.csproj", "{4060B9BC-4AD7-43C5-9BC6-09CA6E6672D5}"
EndProject
Global
	GlobalSection(SolutionConfigurationPlatforms) = preSolution
		Debug|Any CPU = Debug|Any CPU
		Release|Any CPU = Release|Any CPU
	EndGlobalSection
	GlobalSection(ProjectConfigurationPlatforms) = postSolution
		{9BBC73ED-A62D-4D1B-AD0A-9FF5D5F29E7F}.Debug|Any CPU.ActiveCfg = Debug|Any CPU
		{9BBC73ED-A62D-4D1B-AD0A-9FF5D5F29E7F}.Debug|Any CPU.Build.0 = Debug|Any CPU
		{9BBC73ED-A62D-4D1B-AD0A-9FF5D5F29E7F}.Release|Any CPU.ActiveCfg = Release|Any CPU
		{9BBC73ED-A62D-4D1B-AD0A-9FF5D5F29E7F}.Release|Any CPU.Build.0 = Release|Any CPU
		{C4DE1751-4D57-4D3D-9243-4386C4DC1C1F}.Debug|Any CPU.ActiveCfg = Debug|Any CPU
		{C4DE1751-4D57-4D3D-9243-4386C4DC1C1F}.Debug|Any CPU.Build.0 = Debug|Any CPU
		{C4DE1751-4D57-4D3D-9243-4386C4DC1C1F}.Release|Any CPU.ActiveCfg = Release|Any CPU
		{C4DE1751-4D57-4D3D-9243-4386C4DC1C1F}.Release|Any CPU.Build.0 = Release|Any CPU
		{5484A700-4EB7-4ABD-B3E7-2094781F26AA}.Debug|Any CPU.ActiveCfg = Debug|Any CPU
		{5484A700-4EB7-4ABD-B3E7-2094781F26AA}.Debug|Any CPU.Build.0 = Debug|Any CPU
		{5484A700-4EB7-4ABD-B3E7-2094781F26AA}.Release|Any CPU.ActiveCfg = Release|Any CPU
		{5484A700-4EB7-4ABD-B3E7-2094781F26AA}.Release|Any CPU.Build.0 = Release|Any CPU
		{193B854D-FDCB-4C2C-9F3F-438CC4C55176}.Debug|Any CPU.ActiveCfg = Debug|Any CPU
		{193B854D-FDCB-4C2C-9F3F-438CC4C55176}.Debug|Any CPU.Build.0 = Debug|Any CPU
		{193B854D-FDCB-4C2C-9F3F-438CC4C55176}.Release|Any CPU.ActiveCfg = Release|Any CPU
		{193B854D-FDCB-4C2C-9F3F-438CC4C55176}.Release|Any CPU.Build.0 = Release|Any CPU
		{4060B9BC-4AD7-43C5-9BC6-09CA6E6672D5}.Debug|Any CPU.ActiveCfg = Debug|Any CPU
		{4060B9BC-4AD7-43C5-9BC6-09CA6E6672D5}.Debug|Any CPU.Build.0 = Debug|Any CPU
		{4060B9BC-4AD7-43C5-9BC6-09CA6E6672D5}.Release|Any CPU.ActiveCfg = Release|Any CPU
		{4060B9BC-4AD7-43C5-9BC6-09CA6E6672D5}.Release|Any CPU.Build.0 = Release|Any CPU
	EndGlobalSection
	GlobalSection(SolutionProperties) = preSolution
		HideSolutionNode = FALSE
	EndGlobalSection
	GlobalSection(ExtensibilityGlobals) = postSolution
		SolutionGuid = {59147102-2F2E-457D-99AB-0AB9CB6D3CD0}
	EndGlobalSection
EndGlobal
